
Microsoft Visual Studio Solution File, Format Version 12.00
# Visual Studio Version 17
VisualStudioVersion = 17.5.002.0
MinimumVisualStudioVersion = 10.0.40219.1
Project("{9A19103F-16F7-4668-BE54-9A1E7A4F7556}") = "LR1", "LR1\LR1.csproj", "{079FC7FE-8A71-47F1-9151-43AE6E2B5D93}"
EndProject
Global
	GlobalSection(SolutionConfigurationPlatforms) = preSolution
		Debug|Any CPU = Debug|Any CPU
		Release|Any CPU = Release|Any CPU
	EndGlobalSection
	GlobalSection(ProjectConfigurationPlatforms) = postSolution
		{079FC7FE-8A71-47F1-9151-43AE6E2B5D93}.Debug|Any CPU.ActiveCfg = Debug|Any CPU
		{079FC7FE-8A71-47F1-9151-43AE6E2B5D93}.Debug|Any CPU.Build.0 = Debug|Any CPU
		{079FC7FE-8A71-47F1-9151-43AE6E2B5D93}.Release|Any CPU.ActiveCfg = Release|Any CPU
		{079FC7FE-8A71-47F1-9151-43AE6E2B5D93}.Release|Any CPU.Build.0 = Release|Any CPU
	EndGlobalSection
	GlobalSection(SolutionProperties) = preSolution
		HideSolutionNode = FALSE
	EndGlobalSection
	GlobalSection(ExtensibilityGlobals) = postSolution
		SolutionGuid = {138C7F39-1950-4EFF-A9B3-295209B90F42}
	EndGlobalSection
EndGlobal
